
Microsoft Visual Studio Solution File, Format Version 12.00
# Visual Studio Version 17
VisualStudioVersion = 17.0.32014.148
MinimumVisualStudioVersion = 10.0.40219.1
Project("{9A19103F-16F7-4668-BE54-9A1E7A4F7556}") = "common.models", "common.models\common.models.csproj", "{CB9EDB89-1993-467A-BACB-C88F7DEB4E00}"
EndProject
Project("{9A19103F-16F7-4668-BE54-9A1E7A4F7556}") = "customer.microservice", "customer.microservice\customer.microservice.csproj", "{3324E712-13D6-4424-996D-5FF16EF2851B}"
EndProject
Project("{9A19103F-16F7-4668-BE54-9A1E7A4F7556}") = "order.microservice", "order.microservice\order.microservice.csproj", "{51F23FED-CE37-4472-B40B-BE87EA3BBFB9}"
EndProject
Global
	GlobalSection(SolutionConfigurationPlatforms) = preSolution
		Debug|Any CPU = Debug|Any CPU
		Release|Any CPU = Release|Any CPU
	EndGlobalSection
	GlobalSection(ProjectConfigurationPlatforms) = postSolution
		{CB9EDB89-1993-467A-BACB-C88F7DEB4E00}.Debug|Any CPU.ActiveCfg = Debug|Any CPU
		{CB9EDB89-1993-467A-BACB-C88F7DEB4E00}.Debug|Any CPU.Build.0 = Debug|Any CPU
		{CB9EDB89-1993-467A-BACB-C88F7DEB4E00}.Release|Any CPU.ActiveCfg = Release|Any CPU
		{CB9EDB89-1993-467A-BACB-C88F7DEB4E00}.Release|Any CPU.Build.0 = Release|Any CPU
		{3324E712-13D6-4424-996D-5FF16EF2851B}.Debug|Any CPU.ActiveCfg = Debug|Any CPU
		{3324E712-13D6-4424-996D-5FF16EF2851B}.Debug|Any CPU.Build.0 = Debug|Any CPU
		{3324E712-13D6-4424-996D-5FF16EF2851B}.Release|Any CPU.ActiveCfg = Release|Any CPU
		{3324E712-13D6-4424-996D-5FF16EF2851B}.Release|Any CPU.Build.0 = Release|Any CPU
		{51F23FED-CE37-4472-B40B-BE87EA3BBFB9}.Debug|Any CPU.ActiveCfg = Debug|Any CPU
		{51F23FED-CE37-4472-B40B-BE87EA3BBFB9}.Debug|Any CPU.Build.0 = Debug|Any CPU
		{51F23FED-CE37-4472-B40B-BE87EA3BBFB9}.Release|Any CPU.ActiveCfg = Release|Any CPU
		{51F23FED-CE37-4472-B40B-BE87EA3BBFB9}.Release|Any CPU.Build.0 = Release|Any CPU
	EndGlobalSection
	GlobalSection(SolutionProperties) = preSolution
		HideSolutionNode = FALSE
	EndGlobalSection
	GlobalSection(ExtensibilityGlobals) = postSolution
		SolutionGuid = {58D20758-176F-46AB-B1F1-80B60ADAF343}
	EndGlobalSection
EndGlobal
